
Microsoft Visual Studio Solution File, Format Version 12.00
# Visual Studio Version 17
VisualStudioVersion = 17.3.32804.467
MinimumVisualStudioVersion = 10.0.40219.1
Project("{9A19103F-16F7-4668-BE54-9A1E7A4F7556}") = "University_Information_System", "University_Information_System.csproj", "{F86DF6C2-1D39-4D05-9D57-4919918E7E0B}"
EndProject
Project("{2150E333-8FDC-42A3-9474-1A3956D46DE8}") = "Solution Items", "Solution Items", "{B3BA288A-11BD-49B7-9348-B691BFABDA9A}"
	ProjectSection(SolutionItems) = preProject
		.editorconfig = .editorconfig
	EndProjectSection
EndProject
Global
	GlobalSection(SolutionConfigurationPlatforms) = preSolution
		Debug|Any CPU = Debug|Any CPU
		Release|Any CPU = Release|Any CPU
	EndGlobalSection
	GlobalSection(ProjectConfigurationPlatforms) = postSolution
		{F86DF6C2-1D39-4D05-9D57-4919918E7E0B}.Debug|Any CPU.ActiveCfg = Debug|Any CPU
		{F86DF6C2-1D39-4D05-9D57-4919918E7E0B}.Debug|Any CPU.Build.0 = Debug|Any CPU
		{F86DF6C2-1D39-4D05-9D57-4919918E7E0B}.Release|Any CPU.ActiveCfg = Release|Any CPU
		{F86DF6C2-1D39-4D05-9D57-4919918E7E0B}.Release|Any CPU.Build.0 = Release|Any CPU
	EndGlobalSection
	GlobalSection(SolutionProperties) = preSolution
		HideSolutionNode = FALSE
	EndGlobalSection
	GlobalSection(ExtensibilityGlobals) = postSolution
		SolutionGuid = {DDE250AA-9F0A-49E8-96D7-33A771769DFA}
	EndGlobalSection
EndGlobal
